
Microsoft Visual Studio Solution File, Format Version 12.00
# Visual Studio Version 17
VisualStudioVersion = 17.8.34330.188
MinimumVisualStudioVersion = 10.0.40219.1
Project("{FAE04EC0-301F-11D3-BF4B-00C04F79EFBC}") = "Intro", "Intro\Intro.csproj", "{A74C523F-86A8-426F-8C3C-A4AEEC3F3F08}"
EndProject
Global
	GlobalSection(SolutionConfigurationPlatforms) = preSolution
		Debug|Any CPU = Debug|Any CPU
		Release|Any CPU = Release|Any CPU
	EndGlobalSection
	GlobalSection(ProjectConfigurationPlatforms) = postSolution
		{A74C523F-86A8-426F-8C3C-A4AEEC3F3F08}.Debug|Any CPU.ActiveCfg = Debug|Any CPU
		{A74C523F-86A8-426F-8C3C-A4AEEC3F3F08}.Debug|Any CPU.Build.0 = Debug|Any CPU
		{A74C523F-86A8-426F-8C3C-A4AEEC3F3F08}.Release|Any CPU.ActiveCfg = Release|Any CPU
		{A74C523F-86A8-426F-8C3C-A4AEEC3F3F08}.Release|Any CPU.Build.0 = Release|Any CPU
	EndGlobalSection
	GlobalSection(SolutionProperties) = preSolution
		HideSolutionNode = FALSE
	EndGlobalSection
	GlobalSection(ExtensibilityGlobals) = postSolution
		SolutionGuid = {F1FFCAC2-5BAA-40D7-987C-FE9216380B18}
	EndGlobalSection
EndGlobal
